// !$*UTF8*$!
{
	archiveVersion = 1;
	classes = {
	};
	objectVersion = 51;
	objects = {

/* Begin PBXBuildFile section */
		BBD8427F58EB141C34025ED1 /* Pods_DesignerAppAdmin.framework in Frameworks */ = {isa = PBXBuildFile; fileRef = E717336B1B20D9F5329EFCD4 /* Pods_DesignerAppAdmin.framework */; };
		D113D76A6B657A92D2A21E3B /* Pods_DesignerApp.framework in Frameworks */ = {isa = PBXBuildFile; fileRef = A175600D31D45357FC7F7654 /* Pods_DesignerApp.framework */; };
		DD1D71B32286344000E477AF /* DesignCell.swift in Sources */ = {isa = PBXBuildFile; fileRef = DD1D71B22286344000E477AF /* DesignCell.swift */; };
		DD47581A22741C9D00E82B32 /* AppDelegate.swift in Sources */ = {isa = PBXBuildFile; fileRef = DD47581922741C9D00E82B32 /* AppDelegate.swift */; };
		DD47581C22741C9D00E82B32 /* StartupViewController.swift in Sources */ = {isa = PBXBuildFile; fileRef = DD47581B22741C9D00E82B32 /* StartupViewController.swift */; };
		DD47581F22741C9D00E82B32 /* Main.storyboard in Resources */ = {isa = PBXBuildFile; fileRef = DD47581D22741C9D00E82B32 /* Main.storyboard */; };
		DD47582122741CA000E82B32 /* Assets.xcassets in Resources */ = {isa = PBXBuildFile; fileRef = DD47582022741CA000E82B32 /* Assets.xcassets */; };
		DD47582422741CA000E82B32 /* LaunchScreen.storyboard in Resources */ = {isa = PBXBuildFile; fileRef = DD47582222741CA000E82B32 /* LaunchScreen.storyboard */; };
		DD47583322743EB600E82B32 /* UIView+Layout.swift in Sources */ = {isa = PBXBuildFile; fileRef = DD47582F22743EB600E82B32 /* UIView+Layout.swift */; };
		DD47583522743EB600E82B32 /* VerticalStackView.swift in Sources */ = {isa = PBXBuildFile; fileRef = DD47583122743EB600E82B32 /* VerticalStackView.swift */; };
		DD4758372274864200E82B32 /* CustomTextField.swift in Sources */ = {isa = PBXBuildFile; fileRef = DD4758362274864100E82B32 /* CustomTextField.swift */; };
		DD47583922748AE300E82B32 /* CustomButton.swift in Sources */ = {isa = PBXBuildFile; fileRef = DD47583822748AE300E82B32 /* CustomButton.swift */; };
		DD5964DD2276476100CCFF39 /* GoogleService-Info.plist in Resources */ = {isa = PBXBuildFile; fileRef = DD5964DC2276476100CCFF39 /* GoogleService-Info.plist */; };
		DD69C8A22276F049004A80BE /* LoginViewController.swift in Sources */ = {isa = PBXBuildFile; fileRef = DD69C8A12276F049004A80BE /* LoginViewController.swift */; };
		DD69C8A62276F63B004A80BE /* MainTabController.swift in Sources */ = {isa = PBXBuildFile; fileRef = DD69C8A52276F63B004A80BE /* MainTabController.swift */; };
		DD69C8A822778C5F004A80BE /* MainListController.swift in Sources */ = {isa = PBXBuildFile; fileRef = DD69C8A722778C5F004A80BE /* MainListController.swift */; };
		DD69C8AA227865CA004A80BE /* Extensions.swift in Sources */ = {isa = PBXBuildFile; fileRef = DD69C8A9227865CA004A80BE /* Extensions.swift */; };
		DD69C8B22278AE67004A80BE /* Firebase+Utilies.swift in Sources */ = {isa = PBXBuildFile; fileRef = DD69C8B12278AE67004A80BE /* Firebase+Utilies.swift */; };
		DD69C8B82278B0CB004A80BE /* ForgotPasswordController.swift in Sources */ = {isa = PBXBuildFile; fileRef = DD69C8B72278B0CB004A80BE /* ForgotPasswordController.swift */; };
		DD69C8C02279A062004A80BE /* AppDelegate.swift in Sources */ = {isa = PBXBuildFile; fileRef = DD69C8BF2279A062004A80BE /* AppDelegate.swift */; };
		DD69C8C22279A062004A80BE /* ViewController.swift in Sources */ = {isa = PBXBuildFile; fileRef = DD69C8C12279A062004A80BE /* ViewController.swift */; };
		DD69C8C52279A062004A80BE /* Main.storyboard in Resources */ = {isa = PBXBuildFile; fileRef = DD69C8C32279A062004A80BE /* Main.storyboard */; };
		DD69C8C72279A064004A80BE /* Assets.xcassets in Resources */ = {isa = PBXBuildFile; fileRef = DD69C8C62279A064004A80BE /* Assets.xcassets */; };
		DD69C8CA2279A064004A80BE /* LaunchScreen.storyboard in Resources */ = {isa = PBXBuildFile; fileRef = DD69C8C82279A064004A80BE /* LaunchScreen.storyboard */; };
		DD69C8D12279A149004A80BE /* CategoryViewController.swift in Sources */ = {isa = PBXBuildFile; fileRef = DD69C8D02279A149004A80BE /* CategoryViewController.swift */; };
		DD69C8D32279A180004A80BE /* CategoryCell.swift in Sources */ = {isa = PBXBuildFile; fileRef = DD69C8D22279A180004A80BE /* CategoryCell.swift */; };
		DD69C8D52279E45B004A80BE /* DesignsListController.swift in Sources */ = {isa = PBXBuildFile; fileRef = DD69C8D42279E45B004A80BE /* DesignsListController.swift */; };
		DD69C8D72279EAC1004A80BE /* Category.swift in Sources */ = {isa = PBXBuildFile; fileRef = DD69C8D62279EAC1004A80BE /* Category.swift */; };
		DD69C8D92279EB12004A80BE /* Product.swift in Sources */ = {isa = PBXBuildFile; fileRef = DD69C8D82279EB12004A80BE /* Product.swift */; };
		DDE60BAA22EB6349004D41D8 /* ExploreViewController.swift in Sources */ = {isa = PBXBuildFile; fileRef = DDE60BA922EB6349004D41D8 /* ExploreViewController.swift */; };
		DDE60BAC22EB704B004D41D8 /* CategoryGroupCell.swift in Sources */ = {isa = PBXBuildFile; fileRef = DDE60BAB22EB704B004D41D8 /* CategoryGroupCell.swift */; };
		DDE60BAF22EB711E004D41D8 /* CustomApiDesigns.swift in Sources */ = {isa = PBXBuildFile; fileRef = DDE60BAE22EB711E004D41D8 /* CustomApiDesigns.swift */; };
		DDE60BB822EB8110004D41D8 /* HorizontalController.swift in Sources */ = {isa = PBXBuildFile; fileRef = DDE60BB722EB8110004D41D8 /* HorizontalController.swift */; };
/* End PBXBuildFile section */

/* Begin PBXFileReference section */
		9DA55952C17F95E032D03C95 /* Pods-DesignerApp.debug.xcconfig */ = {isa = PBXFileReference; includeInIndex = 1; lastKnownFileType = text.xcconfig; name = "Pods-DesignerApp.debug.xcconfig"; path = "Pods/Target Support Files/Pods-DesignerApp/Pods-DesignerApp.debug.xcconfig"; sourceTree = "<group>"; };
		9F9E3BDD2BD2DA2830B2C88B /* Pods-DesignerAppAdmin.debug.xcconfig */ = {isa = PBXFileReference; includeInIndex = 1; lastKnownFileType = text.xcconfig; name = "Pods-DesignerAppAdmin.debug.xcconfig"; path = "Pods/Target Support Files/Pods-DesignerAppAdmin/Pods-DesignerAppAdmin.debug.xcconfig"; sourceTree = "<group>"; };
		A175600D31D45357FC7F7654 /* Pods_DesignerApp.framework */ = {isa = PBXFileReference; explicitFileType = wrapper.framework; includeInIndex = 0; path = Pods_DesignerApp.framework; sourceTree = BUILT_PRODUCTS_DIR; };
		CBE4890BDCC4719B8E8ED58D /* Pods-DesignerApp.release.xcconfig */ = {isa = PBXFileReference; includeInIndex = 1; lastKnownFileType = text.xcconfig; name = "Pods-DesignerApp.release.xcconfig"; path = "Pods/Target Support Files/Pods-DesignerApp/Pods-DesignerApp.release.xcconfig"; sourceTree = "<group>"; };
		DD1D71B22286344000E477AF /* DesignCell.swift */ = {isa = PBXFileReference; lastKnownFileType = sourcecode.swift; path = DesignCell.swift; sourceTree = "<group>"; };
		DD47581622741C9D00E82B32 /* DesignerApp.app */ = {isa = PBXFileReference; explicitFileType = wrapper.application; includeInIndex = 0; path = DesignerApp.app; sourceTree = BUILT_PRODUCTS_DIR; };
		DD47581922741C9D00E82B32 /* AppDelegate.swift */ = {isa = PBXFileReference; lastKnownFileType = sourcecode.swift; path = AppDelegate.swift; sourceTree = "<group>"; };
		DD47581B22741C9D00E82B32 /* StartupViewController.swift */ = {isa = PBXFileReference; lastKnownFileType = sourcecode.swift; path = StartupViewController.swift; sourceTree = "<group>"; };
		DD47581E22741C9D00E82B32 /* Base */ = {isa = PBXFileReference; lastKnownFileType = file.storyboard; name = Base; path = Base.lproj/Main.storyboard; sourceTree = "<group>"; };
		DD47582022741CA000E82B32 /* Assets.xcassets */ = {isa = PBXFileReference; lastKnownFileType = folder.assetcatalog; path = Assets.xcassets; sourceTree = "<group>"; };
		DD47582322741CA000E82B32 /* Base */ = {isa = PBXFileReference; lastKnownFileType = file.storyboard; name = Base; path = Base.lproj/LaunchScreen.storyboard; sourceTree = "<group>"; };
		DD47582522741CA000E82B32 /* Info.plist */ = {isa = PBXFileReference; lastKnownFileType = text.plist.xml; path = Info.plist; sourceTree = "<group>"; };
		DD47582F22743EB600E82B32 /* UIView+Layout.swift */ = {isa = PBXFileReference; fileEncoding = 4; lastKnownFileType = sourcecode.swift; path = "UIView+Layout.swift"; sourceTree = "<group>"; };
		DD47583122743EB600E82B32 /* VerticalStackView.swift */ = {isa = PBXFileReference; fileEncoding = 4; lastKnownFileType = sourcecode.swift; path = VerticalStackView.swift; sourceTree = "<group>"; };
		DD4758362274864100E82B32 /* CustomTextField.swift */ = {isa = PBXFileReference; lastKnownFileType = sourcecode.swift; path = CustomTextField.swift; sourceTree = "<group>"; };
		DD47583822748AE300E82B32 /* CustomButton.swift */ = {isa = PBXFileReference; lastKnownFileType = sourcecode.swift; path = CustomButton.swift; sourceTree = "<group>"; };
		DD5964DC2276476100CCFF39 /* GoogleService-Info.plist */ = {isa = PBXFileReference; fileEncoding = 4; lastKnownFileType = text.plist.xml; path = "GoogleService-Info.plist"; sourceTree = "<group>"; };
		DD69C8A12276F049004A80BE /* LoginViewController.swift */ = {isa = PBXFileReference; lastKnownFileType = sourcecode.swift; path = LoginViewController.swift; sourceTree = "<group>"; };
		DD69C8A52276F63B004A80BE /* MainTabController.swift */ = {isa = PBXFileReference; lastKnownFileType = sourcecode.swift; path = MainTabController.swift; sourceTree = "<group>"; };
		DD69C8A722778C5F004A80BE /* MainListController.swift */ = {isa = PBXFileReference; lastKnownFileType = sourcecode.swift; path = MainListController.swift; sourceTree = "<group>"; };
		DD69C8A9227865CA004A80BE /* Extensions.swift */ = {isa = PBXFileReference; lastKnownFileType = sourcecode.swift; path = Extensions.swift; sourceTree = "<group>"; };
		DD69C8B12278AE67004A80BE /* Firebase+Utilies.swift */ = {isa = PBXFileReference; lastKnownFileType = sourcecode.swift; path = "Firebase+Utilies.swift"; sourceTree = "<group>"; };
		DD69C8B72278B0CB004A80BE /* ForgotPasswordController.swift */ = {isa = PBXFileReference; lastKnownFileType = sourcecode.swift; path = ForgotPasswordController.swift; sourceTree = "<group>"; };
		DD69C8BD2279A062004A80BE /* DesignerAppAdmin.app */ = {isa = PBXFileReference; explicitFileType = wrapper.application; includeInIndex = 0; path = DesignerAppAdmin.app; sourceTree = BUILT_PRODUCTS_DIR; };
		DD69C8BF2279A062004A80BE /* AppDelegate.swift */ = {isa = PBXFileReference; lastKnownFileType = sourcecode.swift; path = AppDelegate.swift; sourceTree = "<group>"; };
		DD69C8C12279A062004A80BE /* ViewController.swift */ = {isa = PBXFileReference; lastKnownFileType = sourcecode.swift; path = ViewController.swift; sourceTree = "<group>"; };
		DD69C8C42279A062004A80BE /* Base */ = {isa = PBXFileReference; lastKnownFileType = file.storyboard; name = Base; path = Base.lproj/Main.storyboard; sourceTree = "<group>"; };
		DD69C8C62279A064004A80BE /* Assets.xcassets */ = {isa = PBXFileReference; lastKnownFileType = folder.assetcatalog; path = Assets.xcassets; sourceTree = "<group>"; };
		DD69C8C92279A064004A80BE /* Base */ = {isa = PBXFileReference; lastKnownFileType = file.storyboard; name = Base; path = Base.lproj/LaunchScreen.storyboard; sourceTree = "<group>"; };
		DD69C8CB2279A064004A80BE /* Info.plist */ = {isa = PBXFileReference; lastKnownFileType = text.plist.xml; path = Info.plist; sourceTree = "<group>"; };
		DD69C8D02279A149004A80BE /* CategoryViewController.swift */ = {isa = PBXFileReference; lastKnownFileType = sourcecode.swift; path = CategoryViewController.swift; sourceTree = "<group>"; };
		DD69C8D22279A180004A80BE /* CategoryCell.swift */ = {isa = PBXFileReference; lastKnownFileType = sourcecode.swift; path = CategoryCell.swift; sourceTree = "<group>"; };
		DD69C8D42279E45B004A80BE /* DesignsListController.swift */ = {isa = PBXFileReference; lastKnownFileType = sourcecode.swift; path = DesignsListController.swift; sourceTree = "<group>"; };
		DD69C8D62279EAC1004A80BE /* Category.swift */ = {isa = PBXFileReference; lastKnownFileType = sourcecode.swift; path = Category.swift; sourceTree = "<group>"; };
		DD69C8D82279EB12004A80BE /* Product.swift */ = {isa = PBXFileReference; lastKnownFileType = sourcecode.swift; path = Product.swift; sourceTree = "<group>"; };
		DDE60BA922EB6349004D41D8 /* ExploreViewController.swift */ = {isa = PBXFileReference; fileEncoding = 4; lastKnownFileType = sourcecode.swift; path = ExploreViewController.swift; sourceTree = "<group>"; };
		DDE60BAB22EB704B004D41D8 /* CategoryGroupCell.swift */ = {isa = PBXFileReference; lastKnownFileType = sourcecode.swift; path = CategoryGroupCell.swift; sourceTree = "<group>"; };
		DDE60BAE22EB711E004D41D8 /* CustomApiDesigns.swift */ = {isa = PBXFileReference; lastKnownFileType = sourcecode.swift; path = CustomApiDesigns.swift; sourceTree = "<group>"; };
		DDE60BB722EB8110004D41D8 /* HorizontalController.swift */ = {isa = PBXFileReference; lastKnownFileType = sourcecode.swift; path = HorizontalController.swift; sourceTree = "<group>"; };
		E717336B1B20D9F5329EFCD4 /* Pods_DesignerAppAdmin.framework */ = {isa = PBXFileReference; explicitFileType = wrapper.framework; includeInIndex = 0; path = Pods_DesignerAppAdmin.framework; sourceTree = BUILT_PRODUCTS_DIR; };
		FA01E32F6748BDEE955B1914 /* Pods-DesignerAppAdmin.release.xcconfig */ = {isa = PBXFileReference; includeInIndex = 1; lastKnownFileType = text.xcconfig; name = "Pods-DesignerAppAdmin.release.xcconfig"; path = "Pods/Target Support Files/Pods-DesignerAppAdmin/Pods-DesignerAppAdmin.release.xcconfig"; sourceTree = "<group>"; };
/* End PBXFileReference section */

/* Begin PBXFrameworksBuildPhase section */
		DD47581322741C9D00E82B32 /* Frameworks */ = {
			isa = PBXFrameworksBuildPhase;
			buildActionMask = 2147483647;
			files = (
				D113D76A6B657A92D2A21E3B /* Pods_DesignerApp.framework in Frameworks */,
			);
			runOnlyForDeploymentPostprocessing = 0;
		};
		DD69C8BA2279A062004A80BE /* Frameworks */ = {
			isa = PBXFrameworksBuildPhase;
			buildActionMask = 2147483647;
			files = (
				BBD8427F58EB141C34025ED1 /* Pods_DesignerAppAdmin.framework in Frameworks */,
			);
			runOnlyForDeploymentPostprocessing = 0;
		};
/* End PBXFrameworksBuildPhase section */

/* Begin PBXGroup section */
		392AF395B1163A06307E7419 /* Frameworks */ = {
			isa = PBXGroup;
			children = (
				A175600D31D45357FC7F7654 /* Pods_DesignerApp.framework */,
				E717336B1B20D9F5329EFCD4 /* Pods_DesignerAppAdmin.framework */,
			);
			name = Frameworks;
			sourceTree = "<group>";
		};
		DD47580D22741C9D00E82B32 = {
			isa = PBXGroup;
			children = (
				DD47581822741C9D00E82B32 /* DesignerApp */,
				DD69C8BE2279A062004A80BE /* DesignerAppAdmin */,
				DD47581722741C9D00E82B32 /* Products */,
				E9351279E73C9D614E97E03D /* Pods */,
				392AF395B1163A06307E7419 /* Frameworks */,
			);
			sourceTree = "<group>";
		};
		DD47581722741C9D00E82B32 /* Products */ = {
			isa = PBXGroup;
			children = (
				DD47581622741C9D00E82B32 /* DesignerApp.app */,
				DD69C8BD2279A062004A80BE /* DesignerAppAdmin.app */,
			);
			name = Products;
			sourceTree = "<group>";
		};
		DD47581822741C9D00E82B32 /* DesignerApp */ = {
			isa = PBXGroup;
			children = (
				DDE60BB022EB7139004D41D8 /* NewTestApi */,
				DD47582B22743C8F00E82B32 /* Helpers */,
				DD5964E0227666A600CCFF39 /* Models */,
				DD5964DF227666A200CCFF39 /* Views */,
				DD5964DE2276669A00CCFF39 /* Controllers */,
				DD47581922741C9D00E82B32 /* AppDelegate.swift */,
				DD47581D22741C9D00E82B32 /* Main.storyboard */,
				DD47582022741CA000E82B32 /* Assets.xcassets */,
				DD47582222741CA000E82B32 /* LaunchScreen.storyboard */,
				DD47582522741CA000E82B32 /* Info.plist */,
				DD5964DC2276476100CCFF39 /* GoogleService-Info.plist */,
			);
			path = DesignerApp;
			sourceTree = "<group>";
		};
		DD47582B22743C8F00E82B32 /* Helpers */ = {
			isa = PBXGroup;
			children = (
				DD47582F22743EB600E82B32 /* UIView+Layout.swift */,
				DD47583122743EB600E82B32 /* VerticalStackView.swift */,
				DD4758362274864100E82B32 /* CustomTextField.swift */,
				DD47583822748AE300E82B32 /* CustomButton.swift */,
				DD69C8A9227865CA004A80BE /* Extensions.swift */,
				DD69C8B12278AE67004A80BE /* Firebase+Utilies.swift */,
			);
			path = Helpers;
			sourceTree = "<group>";
		};
		DD5964DE2276669A00CCFF39 /* Controllers */ = {
			isa = PBXGroup;
			children = (
				DD69C8CF2279A0A3004A80BE /* Explore */,
				DD5964E1227666C000CCFF39 /* StartupViewControllers */,
				DD69C8A52276F63B004A80BE /* MainTabController.swift */,
				DD69C8A722778C5F004A80BE /* MainListController.swift */,
				DDE60BB722EB8110004D41D8 /* HorizontalController.swift */,
			);
			path = Controllers;
			sourceTree = "<group>";
		};
		DD5964DF227666A200CCFF39 /* Views */ = {
			isa = PBXGroup;
			children = (
				DD69C8D22279A180004A80BE /* CategoryCell.swift */,
				DD1D71B22286344000E477AF /* DesignCell.swift */,
				DDE60BAB22EB704B004D41D8 /* CategoryGroupCell.swift */,
			);
			path = Views;
			sourceTree = "<group>";
		};
		DD5964E0227666A600CCFF39 /* Models */ = {
			isa = PBXGroup;
			children = (
				DD69C8D62279EAC1004A80BE /* Category.swift */,
				DD69C8D82279EB12004A80BE /* Product.swift */,
			);
			path = Models;
			sourceTree = "<group>";
		};
		DD5964E1227666C000CCFF39 /* StartupViewControllers */ = {
			isa = PBXGroup;
			children = (
				DD47581B22741C9D00E82B32 /* StartupViewController.swift */,
				DD69C8A12276F049004A80BE /* LoginViewController.swift */,
				DD69C8B72278B0CB004A80BE /* ForgotPasswordController.swift */,
			);
			path = StartupViewControllers;
			sourceTree = "<group>";
		};
		DD69C8BE2279A062004A80BE /* DesignerAppAdmin */ = {
			isa = PBXGroup;
			children = (
				DD69C8BF2279A062004A80BE /* AppDelegate.swift */,
				DD69C8C12279A062004A80BE /* ViewController.swift */,
				DD69C8C32279A062004A80BE /* Main.storyboard */,
				DD69C8C62279A064004A80BE /* Assets.xcassets */,
				DD69C8C82279A064004A80BE /* LaunchScreen.storyboard */,
				DD69C8CB2279A064004A80BE /* Info.plist */,
			);
			path = DesignerAppAdmin;
			sourceTree = "<group>";
		};
		DD69C8CF2279A0A3004A80BE /* Explore */ = {
			isa = PBXGroup;
			children = (
				DD69C8D02279A149004A80BE /* CategoryViewController.swift */,
				DDE60BA922EB6349004D41D8 /* ExploreViewController.swift */,
				DD69C8D42279E45B004A80BE /* DesignsListController.swift */,
			);
			path = Explore;
			sourceTree = "<group>";
		};
		DDE60BB022EB7139004D41D8 /* NewTestApi */ = {
			isa = PBXGroup;
			children = (
				DDE60BAE22EB711E004D41D8 /* CustomApiDesigns.swift */,
			);
			path = NewTestApi;
			sourceTree = "<group>";
		};
		E9351279E73C9D614E97E03D /* Pods */ = {
			isa = PBXGroup;
			children = (
				9DA55952C17F95E032D03C95 /* Pods-DesignerApp.debug.xcconfig */,
				CBE4890BDCC4719B8E8ED58D /* Pods-DesignerApp.release.xcconfig */,
				9F9E3BDD2BD2DA2830B2C88B /* Pods-DesignerAppAdmin.debug.xcconfig */,
				FA01E32F6748BDEE955B1914 /* Pods-DesignerAppAdmin.release.xcconfig */,
			);
			name = Pods;
			sourceTree = "<group>";
		};
/* End PBXGroup section */

/* Begin PBXNativeTarget section */
		DD47581522741C9D00E82B32 /* DesignerApp */ = {
			isa = PBXNativeTarget;
			buildConfigurationList = DD47582822741CA000E82B32 /* Build configuration list for PBXNativeTarget "DesignerApp" */;
			buildPhases = (
				15264AA804CB457DB03F1866 /* [CP] Check Pods Manifest.lock */,
				DD47581222741C9D00E82B32 /* Sources */,
				DD47581322741C9D00E82B32 /* Frameworks */,
				DD47581422741C9D00E82B32 /* Resources */,
				166557E2F8D1318E4D292245 /* [CP] Embed Pods Frameworks */,
			);
			buildRules = (
			);
			dependencies = (
			);
			name = DesignerApp;
			productName = DesignerApp;
			productReference = DD47581622741C9D00E82B32 /* DesignerApp.app */;
			productType = "com.apple.product-type.application";
		};
		DD69C8BC2279A062004A80BE /* DesignerAppAdmin */ = {
			isa = PBXNativeTarget;
			buildConfigurationList = DD69C8CE2279A064004A80BE /* Build configuration list for PBXNativeTarget "DesignerAppAdmin" */;
			buildPhases = (
				E05E1AFBD306BB5A5009CE9B /* [CP] Check Pods Manifest.lock */,
				DD69C8B92279A062004A80BE /* Sources */,
				DD69C8BA2279A062004A80BE /* Frameworks */,
				DD69C8BB2279A062004A80BE /* Resources */,
			);
			buildRules = (
			);
			dependencies = (
			);
			name = DesignerAppAdmin;
			productName = DesignerAppAdmin;
			productReference = DD69C8BD2279A062004A80BE /* DesignerAppAdmin.app */;
			productType = "com.apple.product-type.application";
		};
/* End PBXNativeTarget section */

/* Begin PBXProject section */
		DD47580E22741C9D00E82B32 /* Project object */ = {
			isa = PBXProject;
			attributes = {
				LastSwiftUpdateCheck = 1020;
				LastUpgradeCheck = 1020;
				ORGANIZATIONNAME = "Mohammed salem bajuaifer";
				TargetAttributes = {
					DD47581522741C9D00E82B32 = {
						CreatedOnToolsVersion = 10.2.1;
					};
					DD69C8BC2279A062004A80BE = {
						CreatedOnToolsVersion = 10.2.1;
					};
				};
			};
			buildConfigurationList = DD47581122741C9D00E82B32 /* Build configuration list for PBXProject "DesignerApp" */;
			compatibilityVersion = "Xcode 9.3";
			developmentRegion = en;
			hasScannedForEncodings = 0;
			knownRegions = (
				en,
				Base,
			);
			mainGroup = DD47580D22741C9D00E82B32;
			productRefGroup = DD47581722741C9D00E82B32 /* Products */;
			projectDirPath = "";
			projectRoot = "";
			targets = (
				DD47581522741C9D00E82B32 /* DesignerApp */,
				DD69C8BC2279A062004A80BE /* DesignerAppAdmin */,
			);
		};
/* End PBXProject section */

/* Begin PBXResourcesBuildPhase section */
		DD47581422741C9D00E82B32 /* Resources */ = {
			isa = PBXResourcesBuildPhase;
			buildActionMask = 2147483647;
			files = (
				DD47582422741CA000E82B32 /* LaunchScreen.storyboard in Resources */,
				DD5964DD2276476100CCFF39 /* GoogleService-Info.plist in Resources */,
				DD47582122741CA000E82B32 /* Assets.xcassets in Resources */,
				DD47581F22741C9D00E82B32 /* Main.storyboard in Resources */,
			);
			runOnlyForDeploymentPostprocessing = 0;
		};
		DD69C8BB2279A062004A80BE /* Resources */ = {
			isa = PBXResourcesBuildPhase;
			buildActionMask = 2147483647;
			files = (
				DD69C8CA2279A064004A80BE /* LaunchScreen.storyboard in Resources */,
				DD69C8C72279A064004A80BE /* Assets.xcassets in Resources */,
				DD69C8C52279A062004A80BE /* Main.storyboard in Resources */,
			);
			runOnlyForDeploymentPostprocessing = 0;
		};
/* End PBXResourcesBuildPhase section */

/* Begin PBXShellScriptBuildPhase section */
		15264AA804CB457DB03F1866 /* [CP] Check Pods Manifest.lock */ = {
			isa = PBXShellScriptBuildPhase;
			buildActionMask = 2147483647;
			files = (
			);
			inputPaths = (
				"${PODS_PODFILE_DIR_PATH}/Podfile.lock",
				"${PODS_ROOT}/Manifest.lock",
			);
			name = "[CP] Check Pods Manifest.lock";
			outputPaths = (
				"$(DERIVED_FILE_DIR)/Pods-DesignerApp-checkManifestLockResult.txt",
			);
			runOnlyForDeploymentPostprocessing = 0;
			shellPath = /bin/sh;
			shellScript = "diff \"${PODS_PODFILE_DIR_PATH}/Podfile.lock\" \"${PODS_ROOT}/Manifest.lock\" > /dev/null\nif [ $? != 0 ] ; then\n    # print error to STDERR\n    echo \"error: The sandbox is not in sync with the Podfile.lock. Run 'pod install' or update your CocoaPods installation.\" >&2\n    exit 1\nfi\n# This output is used by Xcode 'outputs' to avoid re-running this script phase.\necho \"SUCCESS\" > \"${SCRIPT_OUTPUT_FILE_0}\"\n";
			showEnvVarsInLog = 0;
		};
		166557E2F8D1318E4D292245 /* [CP] Embed Pods Frameworks */ = {
			isa = PBXShellScriptBuildPhase;
			buildActionMask = 2147483647;
			files = (
			);
			inputFileListPaths = (
				"${PODS_ROOT}/Target Support Files/Pods-DesignerApp/Pods-DesignerApp-frameworks-${CONFIGURATION}-input-files.xcfilelist",
			);
			name = "[CP] Embed Pods Frameworks";
			outputFileListPaths = (
				"${PODS_ROOT}/Target Support Files/Pods-DesignerApp/Pods-DesignerApp-frameworks-${CONFIGURATION}-output-files.xcfilelist",
			);
			runOnlyForDeploymentPostprocessing = 0;
			shellPath = /bin/sh;
			shellScript = "\"${PODS_ROOT}/Target Support Files/Pods-DesignerApp/Pods-DesignerApp-frameworks.sh\"\n";
			showEnvVarsInLog = 0;
		};
		E05E1AFBD306BB5A5009CE9B /* [CP] Check Pods Manifest.lock */ = {
			isa = PBXShellScriptBuildPhase;
			buildActionMask = 2147483647;
			files = (
			);
			inputFileListPaths = (
			);
			inputPaths = (
				"${PODS_PODFILE_DIR_PATH}/Podfile.lock",
				"${PODS_ROOT}/Manifest.lock",
			);
			name = "[CP] Check Pods Manifest.lock";
			outputFileListPaths = (
			);
			outputPaths = (
				"$(DERIVED_FILE_DIR)/Pods-DesignerAppAdmin-checkManifestLockResult.txt",
			);
			runOnlyForDeploymentPostprocessing = 0;
			shellPath = /bin/sh;
			shellScript = "diff \"${PODS_PODFILE_DIR_PATH}/Podfile.lock\" \"${PODS_ROOT}/Manifest.lock\" > /dev/null\nif [ $? != 0 ] ; then\n    # print error to STDERR\n    echo \"error: The sandbox is not in sync with the Podfile.lock. Run 'pod install' or update your CocoaPods installation.\" >&2\n    exit 1\nfi\n# This output is used by Xcode 'outputs' to avoid re-running this script phase.\necho \"SUCCESS\" > \"${SCRIPT_OUTPUT_FILE_0}\"\n";
			showEnvVarsInLog = 0;
		};
/* End PBXShellScriptBuildPhase section */

/* Begin PBXSourcesBuildPhase section */
		DD47581222741C9D00E82B32 /* Sources */ = {
			isa = PBXSourcesBuildPhase;
			buildActionMask = 2147483647;
			files = (
				DD69C8B82278B0CB004A80BE /* ForgotPasswordController.swift in Sources */,
				DD47581C22741C9D00E82B32 /* StartupViewController.swift in Sources */,
				DD69C8A62276F63B004A80BE /* MainTabController.swift in Sources */,
				DD69C8D52279E45B004A80BE /* DesignsListController.swift in Sources */,
				DD4758372274864200E82B32 /* CustomTextField.swift in Sources */,
				DD69C8A822778C5F004A80BE /* MainListController.swift in Sources */,
				DD47581A22741C9D00E82B32 /* AppDelegate.swift in Sources */,
				DDE60BAF22EB711E004D41D8 /* CustomApiDesigns.swift in Sources */,
				DDE60BB822EB8110004D41D8 /* HorizontalController.swift in Sources */,
				DD69C8A22276F049004A80BE /* LoginViewController.swift in Sources */,
				DD47583922748AE300E82B32 /* CustomButton.swift in Sources */,
				DD69C8D12279A149004A80BE /* CategoryViewController.swift in Sources */,
				DD47583322743EB600E82B32 /* UIView+Layout.swift in Sources */,
				DD1D71B32286344000E477AF /* DesignCell.swift in Sources */,
				DD69C8D92279EB12004A80BE /* Product.swift in Sources */,
				DD69C8D72279EAC1004A80BE /* Category.swift in Sources */,
				DDE60BAA22EB6349004D41D8 /* ExploreViewController.swift in Sources */,
				DD69C8AA227865CA004A80BE /* Extensions.swift in Sources */,
				DD69C8B22278AE67004A80BE /* Firebase+Utilies.swift in Sources */,
				DDE60BAC22EB704B004D41D8 /* CategoryGroupCell.swift in Sources */,
				DD47583522743EB600E82B32 /* VerticalStackView.swift in Sources */,
				DD69C8D32279A180004A80BE /* CategoryCell.swift in Sources */,
			);
			runOnlyForDeploymentPostprocessing = 0;
		};
		DD69C8B92279A062004A80BE /* Sources */ = {
			isa = PBXSourcesBuildPhase;
			buildActionMask = 2147483647;
			files = (
				DD69C8C22279A062004A80BE /* ViewController.swift in Sources */,
				DD69C8C02279A062004A80BE /* AppDelegate.swift in Sources */,
			);
			runOnlyForDeploymentPostprocessing = 0;
		};
/* End PBXSourcesBuildPhase section */

/* Begin PBXVariantGroup section */
		DD47581D22741C9D00E82B32 /* Main.storyboard */ = {
			isa = PBXVariantGroup;
			children = (
				DD47581E22741C9D00E82B32 /* Base */,
			);
			name = Main.storyboard;
			sourceTree = "<group>";
		};
		DD47582222741CA000E82B32 /* LaunchScreen.storyboard */ = {
			isa = PBXVariantGroup;
			children = (
				DD47582322741CA000E82B32 /* Base */,
			);
			name = LaunchScreen.storyboard;
			sourceTree = "<group>";
		};
		DD69C8C32279A062004A80BE /* Main.storyboard */ = {
			isa = PBXVariantGroup;
			children = (
				DD69C8C42279A062004A80BE /* Base */,
			);
			name = Main.storyboard;
			sourceTree = "<group>";
		};
		DD69C8C82279A064004A80BE /* LaunchScreen.storyboard */ = {
			isa = PBXVariantGroup;
			children = (
				DD69C8C92279A064004A80BE /* Base */,
			);
			name = LaunchScreen.storyboard;
			sourceTree = "<group>";
		};
/* End PBXVariantGroup section */

/* Begin XCBuildConfiguration section */
		DD47582622741CA000E82B32 /* Debug */ = {
			isa = XCBuildConfiguration;
			buildSettings = {
				ALWAYS_SEARCH_USER_PATHS = NO;
				CLANG_ANALYZER_NONNULL = YES;
				CLANG_ANALYZER_NUMBER_OBJECT_CONVERSION = YES_AGGRESSIVE;
				CLANG_CXX_LANGUAGE_STANDARD = "gnu++14";
				CLANG_CXX_LIBRARY = "libc++";
				CLANG_ENABLE_MODULES = YES;
				CLANG_ENABLE_OBJC_ARC = YES;
				CLANG_ENABLE_OBJC_WEAK = YES;
				CLANG_WARN_BLOCK_CAPTURE_AUTORELEASING = YES;
				CLANG_WARN_BOOL_CONVERSION = YES;
				CLANG_WARN_COMMA = YES;
				CLANG_WARN_CONSTANT_CONVERSION = YES;
				CLANG_WARN_DEPRECATED_OBJC_IMPLEMENTATIONS = YES;
				CLANG_WARN_DIRECT_OBJC_ISA_USAGE = YES_ERROR;
				CLANG_WARN_DOCUMENTATION_COMMENTS = YES;
				CLANG_WARN_EMPTY_BODY = YES;
				CLANG_WARN_ENUM_CONVERSION = YES;
				CLANG_WARN_INFINITE_RECURSION = YES;
				CLANG_WARN_INT_CONVERSION = YES;
				CLANG_WARN_NON_LITERAL_NULL_CONVERSION = YES;
				CLANG_WARN_OBJC_IMPLICIT_RETAIN_SELF = YES;
				CLANG_WARN_OBJC_LITERAL_CONVERSION = YES;
				CLANG_WARN_OBJC_ROOT_CLASS = YES_ERROR;
				CLANG_WARN_RANGE_LOOP_ANALYSIS = YES;
				CLANG_WARN_STRICT_PROTOTYPES = YES;
				CLANG_WARN_SUSPICIOUS_MOVE = YES;
				CLANG_WARN_UNGUARDED_AVAILABILITY = YES_AGGRESSIVE;
				CLANG_WARN_UNREACHABLE_CODE = YES;
				CLANG_WARN__DUPLICATE_METHOD_MATCH = YES;
				CODE_SIGN_IDENTITY = "iPhone Developer";
				COPY_PHASE_STRIP = NO;
				DEBUG_INFORMATION_FORMAT = dwarf;
				ENABLE_STRICT_OBJC_MSGSEND = YES;
				ENABLE_TESTABILITY = YES;
				GCC_C_LANGUAGE_STANDARD = gnu11;
				GCC_DYNAMIC_NO_PIC = NO;
				GCC_NO_COMMON_BLOCKS = YES;
				GCC_OPTIMIZATION_LEVEL = 0;
				GCC_PREPROCESSOR_DEFINITIONS = (
					"DEBUG=1",
					"$(inherited)",
				);
				GCC_WARN_64_TO_32_BIT_CONVERSION = YES;
				GCC_WARN_ABOUT_RETURN_TYPE = YES_ERROR;
				GCC_WARN_UNDECLARED_SELECTOR = YES;
				GCC_WARN_UNINITIALIZED_AUTOS = YES_AGGRESSIVE;
				GCC_WARN_UNUSED_FUNCTION = YES;
				GCC_WARN_UNUSED_VARIABLE = YES;
				IPHONEOS_DEPLOYMENT_TARGET = 13.0;
				MTL_ENABLE_DEBUG_INFO = INCLUDE_SOURCE;
				MTL_FAST_MATH = YES;
				ONLY_ACTIVE_ARCH = YES;
				SDKROOT = iphoneos;
				SWIFT_ACTIVE_COMPILATION_CONDITIONS = DEBUG;
				SWIFT_OPTIMIZATION_LEVEL = "-Onone";
			};
			name = Debug;
		};
		DD47582722741CA000E82B32 /* Release */ = {
			isa = XCBuildConfiguration;
			buildSettings = {
				ALWAYS_SEARCH_USER_PATHS = NO;
				CLANG_ANALYZER_NONNULL = YES;
				CLANG_ANALYZER_NUMBER_OBJECT_CONVERSION = YES_AGGRESSIVE;
				CLANG_CXX_LANGUAGE_STANDARD = "gnu++14";
				CLANG_CXX_LIBRARY = "libc++";
				CLANG_ENABLE_MODULES = YES;
				CLANG_ENABLE_OBJC_ARC = YES;
				CLANG_ENABLE_OBJC_WEAK = YES;
				CLANG_WARN_BLOCK_CAPTURE_AUTORELEASING = YES;
				CLANG_WARN_BOOL_CONVERSION = YES;
				CLANG_WARN_COMMA = YES;
				CLANG_WARN_CONSTANT_CONVERSION = YES;
				CLANG_WARN_DEPRECATED_OBJC_IMPLEMENTATIONS = YES;
				CLANG_WARN_DIRECT_OBJC_ISA_USAGE = YES_ERROR;
				CLANG_WARN_DOCUMENTATION_COMMENTS = YES;
				CLANG_WARN_EMPTY_BODY = YES;
				CLANG_WARN_ENUM_CONVERSION = YES;
				CLANG_WARN_INFINITE_RECURSION = YES;
				CLANG_WARN_INT_CONVERSION = YES;
				CLANG_WARN_NON_LITERAL_NULL_CONVERSION = YES;
				CLANG_WARN_OBJC_IMPLICIT_RETAIN_SELF = YES;
				CLANG_WARN_OBJC_LITERAL_CONVERSION = YES;
				CLANG_WARN_OBJC_ROOT_CLASS = YES_ERROR;
				CLANG_WARN_RANGE_LOOP_ANALYSIS = YES;
				CLANG_WARN_STRICT_PROTOTYPES = YES;
				CLANG_WARN_SUSPICIOUS_MOVE = YES;
				CLANG_WARN_UNGUARDED_AVAILABILITY = YES_AGGRESSIVE;
				CLANG_WARN_UNREACHABLE_CODE = YES;
				CLANG_WARN__DUPLICATE_METHOD_MATCH = YES;
				CODE_SIGN_IDENTITY = "iPhone Developer";
				COPY_PHASE_STRIP = NO;
				DEBUG_INFORMATION_FORMAT = "dwarf-with-dsym";
				ENABLE_NS_ASSERTIONS = NO;
				ENABLE_STRICT_OBJC_MSGSEND = YES;
				GCC_C_LANGUAGE_STANDARD = gnu11;
				GCC_NO_COMMON_BLOCKS = YES;
				GCC_WARN_64_TO_32_BIT_CONVERSION = YES;
				GCC_WARN_ABOUT_RETURN_TYPE = YES_ERROR;
				GCC_WARN_UNDECLARED_SELECTOR = YES;
				GCC_WARN_UNINITIALIZED_AUTOS = YES_AGGRESSIVE;
				GCC_WARN_UNUSED_FUNCTION = YES;
				GCC_WARN_UNUSED_VARIABLE = YES;
				IPHONEOS_DEPLOYMENT_TARGET = 13.0;
				MTL_ENABLE_DEBUG_INFO = NO;
				MTL_FAST_MATH = YES;
				SDKROOT = iphoneos;
				SWIFT_COMPILATION_MODE = wholemodule;
				SWIFT_OPTIMIZATION_LEVEL = "-O";
				VALIDATE_PRODUCT = YES;
			};
			name = Release;
		};
		DD47582922741CA000E82B32 /* Debug */ = {
			isa = XCBuildConfiguration;
			baseConfigurationReference = 9DA55952C17F95E032D03C95 /* Pods-DesignerApp.debug.xcconfig */;
			buildSettings = {
				ASSETCATALOG_COMPILER_APPICON_NAME = AppIcon;
				CODE_SIGN_STYLE = Automatic;
				DEVELOPMENT_TEAM = R9HB64RUKQ;
				INFOPLIST_FILE = DesignerApp/Info.plist;
				IPHONEOS_DEPLOYMENT_TARGET = 10.0;
				LD_RUNPATH_SEARCH_PATHS = (
					"$(inherited)",
					"@executable_path/Frameworks",
				);
				PRODUCT_BUNDLE_IDENTIFIER = com.moeproject.DesignerApp;
				PRODUCT_NAME = "$(TARGET_NAME)";
				SWIFT_VERSION = 5.0;
				TARGETED_DEVICE_FAMILY = 1;
			};
			name = Debug;
		};
		DD47582A22741CA000E82B32 /* Release */ = {
			isa = XCBuildConfiguration;
			baseConfigurationReference = CBE4890BDCC4719B8E8ED58D /* Pods-DesignerApp.release.xcconfig */;
			buildSettings = {
				ASSETCATALOG_COMPILER_APPICON_NAME = AppIcon;
				CODE_SIGN_STYLE = Automatic;
				DEVELOPMENT_TEAM = R9HB64RUKQ;
				INFOPLIST_FILE = DesignerApp/Info.plist;
				IPHONEOS_DEPLOYMENT_TARGET = 10.0;
				LD_RUNPATH_SEARCH_PATHS = (
					"$(inherited)",
					"@executable_path/Frameworks",
				);
				PRODUCT_BUNDLE_IDENTIFIER = com.moeproject.DesignerApp;
				PRODUCT_NAME = "$(TARGET_NAME)";
				SWIFT_VERSION = 5.0;
				TARGETED_DEVICE_FAMILY = 1;
			};
			name = Release;
		};
		DD69C8CC2279A064004A80BE /* Debug */ = {
			isa = XCBuildConfiguration;
			baseConfigurationReference = 9F9E3BDD2BD2DA2830B2C88B /* Pods-DesignerAppAdmin.debug.xcconfig */;
			buildSettings = {
				ASSETCATALOG_COMPILER_APPICON_NAME = AppIcon;
				CODE_SIGN_STYLE = Automatic;
				DEVELOPMENT_TEAM = R9HB64RUKQ;
				INFOPLIST_FILE = DesignerAppAdmin/Info.plist;
				LD_RUNPATH_SEARCH_PATHS = (
					"$(inherited)",
					"@executable_path/Frameworks",
				);
				PRODUCT_BUNDLE_IDENTIFIER = com.moeproject.DesignerAppAdmin;
				PRODUCT_NAME = "$(TARGET_NAME)";
				SWIFT_VERSION = 5.0;
				TARGETED_DEVICE_FAMILY = "1,2";
			};
			name = Debug;
		};
		DD69C8CD2279A064004A80BE /* Release */ = {
			isa = XCBuildConfiguration;
			baseConfigurationReference = FA01E32F6748BDEE955B1914 /* Pods-DesignerAppAdmin.release.xcconfig */;
			buildSettings = {
				ASSETCATALOG_COMPILER_APPICON_NAME = AppIcon;
				CODE_SIGN_STYLE = Automatic;
				DEVELOPMENT_TEAM = R9HB64RUKQ;
				INFOPLIST_FILE = DesignerAppAdmin/Info.plist;
				LD_RUNPATH_SEARCH_PATHS = (
					"$(inherited)",
					"@executable_path/Frameworks",
				);
				PRODUCT_BUNDLE_IDENTIFIER = com.moeproject.DesignerAppAdmin;
				PRODUCT_NAME = "$(TARGET_NAME)";
				SWIFT_VERSION = 5.0;
				TARGETED_DEVICE_FAMILY = "1,2";
			};
			name = Release;
		};
/* End XCBuildConfiguration section */

/* Begin XCConfigurationList section */
		DD47581122741C9D00E82B32 /* Build configuration list for PBXProject "DesignerApp" */ = {
			isa = XCConfigurationList;
			buildConfigurations = (
				DD47582622741CA000E82B32 /* Debug */,
				DD47582722741CA000E82B32 /* Release */,
			);
			defaultConfigurationIsVisible = 0;
			defaultConfigurationName = Release;
		};
		DD47582822741CA000E82B32 /* Build configuration list for PBXNativeTarget "DesignerApp" */ = {
			isa = XCConfigurationList;
			buildConfigurations = (
				DD47582922741CA000E82B32 /* Debug */,
				DD47582A22741CA000E82B32 /* Release */,
			);
			defaultConfigurationIsVisible = 0;
			defaultConfigurationName = Release;
		};
		DD69C8CE2279A064004A80BE /* Build configuration list for PBXNativeTarget "DesignerAppAdmin" */ = {
			isa = XCConfigurationList;
			buildConfigurations = (
				DD69C8CC2279A064004A80BE /* Debug */,
				DD69C8CD2279A064004A80BE /* Release */,
			);
			defaultConfigurationIsVisible = 0;
			defaultConfigurationName = Release;
		};
/* End XCConfigurationList section */
	};
	rootObject = DD47580E22741C9D00E82B32 /* Project object */;
}
